<?xml version="1.0" encoding="UTF-8" standalone="yes" ?>
<CodeBlocks_project_file>
	<FileVersion major="1" minor="6" />
	<Project>
		<Option title="util_x86_gcc" />
		<Option pch_mode="2" />
		<Option compiler="gcc" />
		<Build>
			<Target title="Debug">
				<Option output="bin/Debug/util_x86_gcc" prefix_auto="1" extension_auto="1" />
				<Option working_dir="" />
				<Option object_output="obj/Debug/" />
				<Option type="2" />
				<Option compiler="gcc" />
				<Option createDefFile="1" />
				<Compiler>
					<Add option="-Wall" />
					<Add option="-g" />
					<Add option="-DTPRINT_IS_FLOAT" />
				</Compiler>
			</Target>
			<Target title="Release">
				<Option output="bin/Release/codeblocks_gcc" prefix_auto="1" extension_auto="1" />
				<Option working_dir="" />
				<Option object_output="obj/Release/" />
				<Option type="2" />
				<Option compiler="gcc" />
				<Option createDefFile="1" />
				<Compiler>
					<Add option="-O2" />
					<Add option="-Wall" />
				</Compiler>
				<Linker>
					<Add option="-s" />
				</Linker>
			</Target>
			<Target title="Unity TDD">
				<Option output="codeblocks_gcc" prefix_auto="1" extension_auto="1" />
				<Option type="1" />
				<Option compiler="gcc" />
				<Option use_console_runner="0" />
				<Compiler>
					<Add directory="C:/spj6/swr/util/codeblocks_gcc" />
					<Add directory="C:/unity/src" />
					<Add directory="../../unity_tdd" />
					<Add directory="../public" />
				</Compiler>
			</Target>
			<Target title="Console">
				<Option output="bin/console/util_console" prefix_auto="1" extension_auto="1" />
				<Option type="1" />
				<Option compiler="gcc" />
				<Compiler>
					<Add option="-std=c99" />
					<Add option="-g" />
					<Add option="-DTPRINT_IS_FLOAT" />
					<Add directory="../unit_test/printfs" />
				</Compiler>
				<Linker>
					<Add library="bin/Debug/libutil_x86_gcc.a" />
					<Add library="../../arith/arith_x86_gcc/bin/Debug/libarith_x86_gcc.a" />
				</Linker>
			</Target>
		</Build>
		<Compiler>
			<Add directory="../GenericTypes" />
			<Add directory="../private" />
			<Add directory="../public" />
			<Add directory="../src" />
			<Add directory="$(SPJ_SWR_LOC)/arith/public" />
			<Add directory="../../tiny2/public" />
		</Compiler>
		<Unit filename="../../unity_tdd/tdd_common.c">
			<Option compilerVar="CC" />
			<Option target="Unity TDD" />
		</Unit>
		<Unit filename="../../unity_tdd/tdd_common.h">
			<Option target="Unity TDD" />
		</Unit>
		<Unit filename="../../unity_tdd/tdd_common_build.mak">
			<Option target="Unity TDD" />
		</Unit>
		<Unit filename="../../unity_tdd/tdd_common_pre_build.mak">
			<Option target="Unity TDD" />
		</Unit>
		<Unit filename="../private/bit64k_copy_tests_inline.h">
			<Option target="Console" />
		</Unit>
		<Unit filename="../private/libs_support.h" />
		<Unit filename="../private/util_tests_support.h">
			<Option target="Console" />
		</Unit>
		<Unit filename="../public/bit_field.h">
			<Option target="Debug" />
			<Option target="Release" />
			<Option target="Unity TDD" />
		</Unit>
		<Unit filename="../public/map_macros.h">
			<Option target="Debug" />
			<Option target="Release" />
			<Option target="Console" />
		</Unit>
		<Unit filename="../public/sensus_codec.h">
			<Option target="Debug" />
			<Option target="Release" />
		</Unit>
		<Unit filename="../public/text_line_builder.h">
			<Option target="Debug" />
			<Option target="Release" />
			<Option target="Unity TDD" />
		</Unit>
		<Unit filename="../public/tiny1_stdio.h">
			<Option target="Debug" />
			<Option target="Release" />
			<Option target="Unity TDD" />
		</Unit>
		<Unit filename="../public/util.h">
			<Option target="Debug" />
			<Option target="Release" />
			<Option target="Unity TDD" />
		</Unit>
		<Unit filename="../public/wordlist.h" />
		<Unit filename="../src/Sensus/sensus_codec_support.c">
			<Option compilerVar="CC" />
			<Option target="Debug" />
			<Option target="Release" />
			<Option target="Console" />
		</Unit>
		<Unit filename="../src/Sensus/sensus_decode.c">
			<Option compilerVar="CC" />
			<Option target="Debug" />
			<Option target="Release" />
			<Option target="Console" />
		</Unit>
		<Unit filename="../src/SumBytesU8.c">
			<Option compilerVar="CC" />
			<Option target="Debug" />
			<Option target="Release" />
		</Unit>
		<Unit filename="../src/SumIntsU8.c">
			<Option compilerVar="CC" />
			<Option target="Debug" />
			<Option target="Release" />
		</Unit>
		<Unit filename="../src/ascii_num/got_float_from_ascii.c">
			<Option compilerVar="CC" />
			<Option target="Debug" />
			<Option target="Release" />
		</Unit>
		<Unit filename="../src/ascii_num/read_binary_word.c">
			<Option compilerVar="CC" />
			<Option target="Debug" />
			<Option target="Release" />
		</Unit>
		<Unit filename="../src/ascii_num/read_dirty_int.c">
			<Option compilerVar="CC" />
			<Option target="Debug" />
			<Option target="Release" />
		</Unit>
		<Unit filename="../src/ascii_num/read_dirty_int_pass_char.c">
			<Option compilerVar="CC" />
			<Option target="Debug" />
			<Option target="Release" />
		</Unit>
		<Unit filename="../src/ascii_num/read_dirty_s32.c">
			<Option compilerVar="CC" />
			<Option target="Debug" />
			<Option target="Release" />
		</Unit>
		<Unit filename="../src/ascii_num/read_next_float.c">
			<Option compilerVar="CC" />
			<Option target="Debug" />
			<Option target="Release" />
		</Unit>
		<Unit filename="../src/ascii_num/read_next_number.c">
			<Option compilerVar="CC" />
			<Option target="Debug" />
			<Option target="Release" />
		</Unit>
		<Unit filename="../src/ascii_num/read_tagged_int.c">
			<Option compilerVar="CC" />
			<Option target="Debug" />
			<Option target="Release" />
			<Option target="Console" />
		</Unit>
		<Unit filename="../src/bcd/bcd_le.c">
			<Option compilerVar="CC" />
			<Option target="Debug" />
			<Option target="Release" />
		</Unit>
		<Unit filename="../src/bits/bit64k_copy.c">
			<Option compilerVar="CC" />
		</Unit>
		<Unit filename="../src/bits/bit_addr_64k.c">
			<Option compilerVar="CC" />
		</Unit>
		<Unit filename="../src/bits/idx_to_1st_bit_set_u16.c">
			<Option compilerVar="CC" />
			<Option target="Debug" />
			<Option target="Release" />
		</Unit>
		<Unit filename="../src/bits/idx_to_1st_bit_set_u32.c">
			<Option compilerVar="CC" />
			<Option target="Debug" />
			<Option target="Release" />
		</Unit>
		<Unit filename="../src/bits/idx_to_1st_bit_set_u8.c">
			<Option compilerVar="CC" />
			<Option target="Debug" />
			<Option target="Release" />
		</Unit>
		<Unit filename="../src/bits/make_masks.c">
			<Option compilerVar="CC" />
			<Option target="Debug" />
			<Option target="Release" />
			<Option target="Console" />
		</Unit>
		<Unit filename="../src/bits/num_bits_set_u16.c">
			<Option compilerVar="CC" />
			<Option target="Debug" />
			<Option target="Release" />
		</Unit>
		<Unit filename="../src/bits/num_bits_set_u32.c">
			<Option compilerVar="CC" />
			<Option target="Debug" />
			<Option target="Release" />
		</Unit>
		<Unit filename="../src/bits/swar_32.c">
			<Option compilerVar="CC" />
			<Option target="Debug" />
			<Option target="Release" />
		</Unit>
		<Unit filename="../src/copys_fills/CopyBytesU8.c">
			<Option compilerVar="CC" />
			<Option target="Debug" />
			<Option target="Release" />
		</Unit>
		<Unit filename="../src/copys_fills/CopyBytesU8_reversed.c">
			<Option compilerVar="CC" />
			<Option target="Debug" />
			<Option target="Release" />
		</Unit>
		<Unit filename="../src/copys_fills/CopyConstBytesU8.c">
			<Option compilerVar="CC" />
			<Option target="Debug" />
			<Option target="Release" />
		</Unit>
		<Unit filename="../src/copys_fills/CopyConstIntsU8.c">
			<Option compilerVar="CC" />
			<Option target="Debug" />
			<Option target="Release" />
		</Unit>
		<Unit filename="../src/copys_fills/CopyIntsU8.c">
			<Option compilerVar="CC" />
			<Option target="Debug" />
			<Option target="Release" />
		</Unit>
		<Unit filename="../src/copys_fills/FillBytesU8.c">
			<Option compilerVar="CC" />
			<Option target="Debug" />
			<Option target="Release" />
		</Unit>
		<Unit filename="../src/copys_fills/FillIntsU8.c">
			<Option compilerVar="CC" />
			<Option target="Debug" />
			<Option target="Release" />
		</Unit>
		<Unit filename="../src/copys_fills/ZerobytesU8.c">
			<Option compilerVar="CC" />
			<Option target="Debug" />
			<Option target="Release" />
		</Unit>
		<Unit filename="../src/copys_fills/fill_floats_u8.c">
			<Option compilerVar="CC" />
			<Option target="Debug" />
			<Option target="Release" />
		</Unit>
		<Unit filename="../src/endians/endian_iterator.c">
			<Option compilerVar="CC" />
			<Option target="Debug" />
			<Option target="Release" />
			<Option target="Console" />
		</Unit>
		<Unit filename="../src/endians/endians_aligns.c">
			<Option compilerVar="CC" />
			<Option target="Debug" />
			<Option target="Release" />
		</Unit>
		<Unit filename="../src/endians/print_endian.c">
			<Option compilerVar="CC" />
			<Option target="Debug" />
			<Option target="Release" />
		</Unit>
		<Unit filename="../src/endians/reverse_u16.c">
			<Option compilerVar="CC" />
			<Option target="Debug" />
			<Option target="Release" />
		</Unit>
		<Unit filename="../src/endians/reverse_u32.c">
			<Option compilerVar="CC" />
			<Option target="Debug" />
			<Option target="Release" />
		</Unit>
		<Unit filename="../src/endians/to_sys_endian_u16.c">
			<Option compilerVar="CC" />
			<Option target="Debug" />
			<Option target="Release" />
		</Unit>
		<Unit filename="../src/endians/to_sys_endian_u32.c">
			<Option compilerVar="CC" />
			<Option target="Debug" />
			<Option target="Release" />
		</Unit>
		<Unit filename="../src/heaps/heap_1way_u16.c">
			<Option compilerVar="CC" />
			<Option target="Debug" />
			<Option target="Release" />
		</Unit>
		<Unit filename="../src/hexascii/Get_next_hexASCII_int.c">
			<Option compilerVar="CC" />
			<Option target="Debug" />
			<Option target="Release" />
		</Unit>
		<Unit filename="../src/hexascii/Get_next_hexASCII_u16.c">
			<Option compilerVar="CC" />
			<Option target="Debug" />
			<Option target="Release" />
		</Unit>
		<Unit filename="../src/hexascii/Get_next_hexASCII_u24.c">
			<Option compilerVar="CC" />
			<Option target="Debug" />
			<Option target="Release" />
		</Unit>
		<Unit filename="../src/hexascii/Get_next_hexASCII_u32.c">
			<Option compilerVar="CC" />
			<Option target="Debug" />
			<Option target="Release" />
		</Unit>
		<Unit filename="../src/hexascii/Get_next_hexASCII_u8_to_u32.c">
			<Option compilerVar="CC" />
			<Option target="Debug" />
			<Option target="Release" />
		</Unit>
		<Unit filename="../src/hexascii/byte_to_hexascii.c">
			<Option compilerVar="CC" />
			<Option target="Debug" />
			<Option target="Release" />
		</Unit>
		<Unit filename="../src/hexascii/get_next_hexASCII_byte.c">
			<Option compilerVar="CC" />
			<Option target="Debug" />
			<Option target="Release" />
		</Unit>
		<Unit filename="../src/hexascii/get_next_hexASCII_byte_lenient.c">
			<Option compilerVar="CC" />
			<Option target="Debug" />
			<Option target="Release" />
		</Unit>
		<Unit filename="../src/hexascii/hex_ascii_to_U16.c">
			<Option compilerVar="CC" />
			<Option target="Debug" />
			<Option target="Release" />
		</Unit>
		<Unit filename="../src/hexascii/hex_ascii_to_U32.c">
			<Option compilerVar="CC" />
			<Option target="Debug" />
			<Option target="Release" />
		</Unit>
		<Unit filename="../src/hexascii/hex_to_nibble.c">
			<Option compilerVar="CC" />
			<Option target="Debug" />
			<Option target="Release" />
		</Unit>
		<Unit filename="../src/hexascii/hexascii_to_byte.c">
			<Option compilerVar="CC" />
			<Option target="Debug" />
			<Option target="Release" />
		</Unit>
		<Unit filename="../src/hexascii/high_nibble_to_hexascii.c">
			<Option compilerVar="CC" />
			<Option target="Debug" />
			<Option target="Release" />
		</Unit>
		<Unit filename="../src/hexascii/int_to_hexascii_nospace.c">
			<Option compilerVar="CC" />
			<Option target="Debug" />
			<Option target="Release" />
		</Unit>
		<Unit filename="../src/hexascii/int_to_hexascii_space.c">
			<Option compilerVar="CC" />
			<Option target="Debug" />
			<Option target="Release" />
		</Unit>
		<Unit filename="../src/hexascii/is_hexascii.c">
			<Option compilerVar="CC" />
			<Option target="Debug" />
			<Option target="Release" />
		</Unit>
		<Unit filename="../src/hexascii/low_nibble_to_hexascii.c">
			<Option compilerVar="CC" />
			<Option target="Debug" />
			<Option target="Release" />
		</Unit>
		<Unit filename="../src/hexascii/nibble_to_hexascii.c">
			<Option compilerVar="CC" />
			<Option target="Debug" />
			<Option target="Release" />
		</Unit>
		<Unit filename="../src/misc/string_soft_match.c">
			<Option compilerVar="CC" />
			<Option target="Debug" />
			<Option target="Release" />
		</Unit>
		<Unit filename="../src/misc/tbl_search_Ascending_key_u16.c">
			<Option compilerVar="CC" />
			<Option target="Debug" />
			<Option target="Release" />
		</Unit>
		<Unit filename="../src/misc/text_line_builder.c">
			<Option compilerVar="CC" />
			<Option target="Debug" />
			<Option target="Release" />
		</Unit>
		<Unit filename="../src/network/http_parse.c">
			<Option compilerVar="CC" />
			<Option target="Debug" />
			<Option target="Release" />
		</Unit>
		<Unit filename="../src/network/ip_addr.c">
			<Option compilerVar="CC" />
		</Unit>
		<Unit filename="../src/network/mac_addr.c">
			<Option compilerVar="CC" />
			<Option target="Debug" />
			<Option target="Release" />
		</Unit>
		<Unit filename="../src/parsing/find_outer_braces.c">
			<Option compilerVar="CC" />
			<Option target="Debug" />
			<Option target="Release" />
		</Unit>
		<Unit filename="../src/parsing/strip_whitespace.c">
			<Option compilerVar="CC" />
			<Option target="Debug" />
			<Option target="Release" />
		</Unit>
		<Unit filename="../src/printfs/array_pretty_print_w_header.c">
			<Option compilerVar="CC" />
			<Option target="Debug" />
			<Option target="Release" />
		</Unit>
		<Unit filename="../src/printfs/array_print_line.c">
			<Option compilerVar="CC" />
			<Option target="Debug" />
			<Option target="Release" />
			<Option target="Console" />
		</Unit>
		<Unit filename="../src/printfs/tiny1_printf.c">
			<Option compilerVar="CC" />
			<Option target="Debug" />
			<Option target="Release" />
			<Option target="Console" />
		</Unit>
		<Unit filename="../src/printfs/tiny1_printf_string_heap.c">
			<Option compilerVar="CC" />
			<Option target="Debug" />
			<Option target="Release" />
		</Unit>
		<Unit filename="../src/queues/byte_buf.c">
			<Option compilerVar="CC" />
			<Option target="Debug" />
			<Option target="Release" />
			<Option target="Console" />
		</Unit>
		<Unit filename="../src/queues/byte_queue.c">
			<Option compilerVar="CC" />
			<Option target="Debug" />
			<Option target="Release" />
			<Option target="Console" />
		</Unit>
		<Unit filename="../src/repeat_idx_func.c">
			<Option compilerVar="CC" />
			<Option target="Debug" />
			<Option target="Release" />
		</Unit>
		<Unit filename="../src/safe_string/endstr.c">
			<Option compilerVar="CC" />
			<Option target="Debug" />
			<Option target="Release" />
		</Unit>
		<Unit filename="../src/safe_string/safe_string.c">
			<Option compilerVar="CC" />
			<Option target="Debug" />
			<Option target="Release" />
		</Unit>
		<Unit filename="../src/safe_string/strlenU8.c">
			<Option compilerVar="CC" />
			<Option target="Debug" />
			<Option target="Release" />
		</Unit>
		<Unit filename="../src/srecord/parse_s_record.c">
			<Option compilerVar="CC" />
			<Option target="Debug" />
			<Option target="Release" />
		</Unit>
		<Unit filename="../src/stacks/ptr_stack.c">
			<Option compilerVar="CC" />
			<Option target="Debug" />
			<Option target="Release" />
		</Unit>
		<Unit filename="../src/stores/c8_bag.c">
			<Option compilerVar="CC" />
			<Option target="Debug" />
			<Option target="Release" />
		</Unit>
		<Unit filename="../src/stores/u8_bag.c">
			<Option compilerVar="CC" />
			<Option target="Debug" />
			<Option target="Release" />
		</Unit>
		<Unit filename="../src/swapbytesU8.c">
			<Option compilerVar="CC" />
			<Option target="Debug" />
			<Option target="Release" />
		</Unit>
		<Unit filename="../src/terminal/ansi_kbd.c">
			<Option compilerVar="CC" />
		</Unit>
		<Unit filename="../src/timedate/AD2000_to_epoch.c">
			<Option compilerVar="CC" />
			<Option target="Debug" />
			<Option target="Release" />
		</Unit>
		<Unit filename="../src/timedate/ISO8601_Str_to_secs.c">
			<Option compilerVar="CC" />
			<Option target="Debug" />
			<Option target="Release" />
		</Unit>
		<Unit filename="../src/timedate/Secs_to_HMS.c">
			<Option compilerVar="CC" />
			<Option target="Debug" />
			<Option target="Release" />
		</Unit>
		<Unit filename="../src/timedate/days_in_month.c">
			<Option compilerVar="CC" />
			<Option target="Debug" />
			<Option target="Release" />
		</Unit>
		<Unit filename="../src/timedate/epoch_to_2000AD.c">
			<Option compilerVar="CC" />
			<Option target="Debug" />
			<Option target="Release" />
		</Unit>
		<Unit filename="../src/timedate/hms_to_str.c">
			<Option compilerVar="CC" />
			<Option target="Debug" />
			<Option target="Release" />
		</Unit>
		<Unit filename="../src/timedate/legal_YMDHMS.c">
			<Option compilerVar="CC" />
			<Option target="Debug" />
			<Option target="Release" />
		</Unit>
		<Unit filename="../src/timedate/legal_hms.c">
			<Option compilerVar="CC" />
			<Option target="Debug" />
			<Option target="Release" />
		</Unit>
		<Unit filename="../src/timedate/legal_ymd.c">
			<Option compilerVar="CC" />
			<Option target="Debug" />
			<Option target="Release" />
		</Unit>
		<Unit filename="../src/timedate/secs_to_YMDHMS.c">
			<Option compilerVar="CC" />
			<Option target="Debug" />
			<Option target="Release" />
		</Unit>
		<Unit filename="../src/timedate/secs_to_hms32_str.c">
			<Option compilerVar="CC" />
			<Option target="Debug" />
			<Option target="Release" />
		</Unit>
		<Unit filename="../src/timedate/secs_to_hms_str.c">
			<Option compilerVar="CC" />
			<Option target="Debug" />
			<Option target="Release" />
		</Unit>
		<Unit filename="../src/timedate/secs_to_hr_min_str.c">
			<Option compilerVar="CC" />
			<Option target="Debug" />
			<Option target="Release" />
		</Unit>
		<Unit filename="../src/timedate/secs_to_ymdhms_str.c">
			<Option compilerVar="CC" />
			<Option target="Debug" />
			<Option target="Release" />
		</Unit>
		<Unit filename="../src/timedate/ymd_to_str.c">
			<Option compilerVar="CC" />
			<Option target="Debug" />
			<Option target="Release" />
		</Unit>
		<Unit filename="../src/timedate/ymdhms_equal.c">
			<Option compilerVar="CC" />
			<Option target="Debug" />
			<Option target="Release" />
		</Unit>
		<Unit filename="../src/timedate/ymdhms_to_secs.c">
			<Option compilerVar="CC" />
			<Option target="Debug" />
			<Option target="Release" />
		</Unit>
		<Unit filename="../src/timedate/ymdhms_to_str.c">
			<Option compilerVar="CC" />
			<Option target="Debug" />
			<Option target="Release" />
		</Unit>
		<Unit filename="../src/wordlist/romstring.c">
			<Option compilerVar="CC" />
		</Unit>
		<Unit filename="../src/wordlist/romstring_b.c">
			<Option compilerVar="CC" />
		</Unit>
		<Unit filename="../src/wordlist/str_1st_word_has_char.c">
			<Option compilerVar="CC" />
		</Unit>
		<Unit filename="../src/wordlist/str_1st_words_match.c">
			<Option compilerVar="CC" />
		</Unit>
		<Unit filename="../src/wordlist/str_1st_words_match_vc.c">
			<Option compilerVar="CC" />
		</Unit>
		<Unit filename="../src/wordlist/str_copy_nth_word.c">
			<Option compilerVar="CC" />
		</Unit>
		<Unit filename="../src/wordlist/str_delete.c">
			<Option compilerVar="CC" />
		</Unit>
		<Unit filename="../src/wordlist/str_end_of_word_list.c">
			<Option compilerVar="CC" />
		</Unit>
		<Unit filename="../src/wordlist/str_find_word.c">
			<Option compilerVar="CC" />
		</Unit>
		<Unit filename="../src/wordlist/str_find_word_cc.c">
			<Option compilerVar="CC" />
		</Unit>
		<Unit filename="../src/wordlist/str_find_word_vc.c">
			<Option compilerVar="CC" />
		</Unit>
		<Unit filename="../src/wordlist/str_get_end_word.c">
			<Option compilerVar="CC" />
		</Unit>
		<Unit filename="../src/wordlist/str_get_nth_word.c">
			<Option compilerVar="CC" />
		</Unit>
		<Unit filename="../src/wordlist/str_insert.c">
			<Option compilerVar="CC" />
		</Unit>
		<Unit filename="../src/wordlist/str_replace.c">
			<Option compilerVar="CC" />
		</Unit>
		<Unit filename="../src/wordlist/str_tail_after_word.c">
			<Option compilerVar="CC" />
			<Option target="Debug" />
			<Option target="Release" />
		</Unit>
		<Unit filename="../src/wordlist/str_word_char_cnt.c">
			<Option compilerVar="CC" />
		</Unit>
		<Unit filename="../src/wordlist/str_word_cnt.c">
			<Option compilerVar="CC" />
		</Unit>
		<Unit filename="../src/wordlist/str_word_delimiter.c">
			<Option compilerVar="CC" />
		</Unit>
		<Unit filename="../src/wordlist/str_word_in_str.c">
			<Option compilerVar="CC" />
		</Unit>
		<Unit filename="../src/wordlist/str_words_in_str.c">
			<Option compilerVar="CC" />
		</Unit>
		<Unit filename="../src/words/word_convert_1st.c">
			<Option compilerVar="CC" />
			<Option target="Debug" />
			<Option target="Release" />
		</Unit>
		<Unit filename="../unit_test/ascii_num/ascii_num.mak">
			<Option target="Unity TDD" />
		</Unit>
		<Unit filename="../unit_test/ascii_num/test-ascii_num.c">
			<Option compilerVar="CC" />
			<Option target="Unity TDD" />
		</Unit>
		<Unit filename="../unit_test/bcd/bcd_le.mak">
			<Option target="Unity TDD" />
		</Unit>
		<Unit filename="../unit_test/bcd/test-bcd_le.c">
			<Option compilerVar="CC" />
			<Option target="Unity TDD" />
		</Unit>
		<Unit filename="../unit_test/bits/bit64k.mak">
			<Option target="Unity TDD" />
		</Unit>
		<Unit filename="../unit_test/bits/bit_addr_64k.mak">
			<Option target="Unity TDD" />
		</Unit>
		<Unit filename="../unit_test/bits/bits.mak">
			<Option target="Unity TDD" />
		</Unit>
		<Unit filename="../unit_test/bits/test-bit64k.c">
			<Option compilerVar="CC" />
			<Option target="Unity TDD" />
		</Unit>
		<Unit filename="../unit_test/bits/test-bit_addr_64k.c">
			<Option compilerVar="CC" />
			<Option target="Unity TDD" />
		</Unit>
		<Unit filename="../unit_test/bits/test-bits.c">
			<Option compilerVar="CC" />
			<Option target="Unity TDD" />
		</Unit>
		<Unit filename="../unit_test/endians/endians.mak">
			<Option target="Unity TDD" />
		</Unit>
		<Unit filename="../unit_test/endians/test-endians.c">
			<Option compilerVar="CC" />
			<Option target="Unity TDD" />
		</Unit>
		<Unit filename="../unit_test/macros/macros.mak">
			<Option target="Unity TDD" />
		</Unit>
		<Unit filename="../unit_test/macros/test-macros.c">
			<Option compilerVar="CC" />
			<Option target="Unity TDD" />
		</Unit>
		<Unit filename="../unit_test/network/network.mak">
			<Option target="Unity TDD" />
		</Unit>
		<Unit filename="../unit_test/network/test-network.c">
			<Option compilerVar="CC" />
			<Option target="Unity TDD" />
		</Unit>
		<Unit filename="../unit_test/printfs/test-tiny1_printf_float.c">
			<Option compilerVar="CC" />
			<Option target="Unity TDD" />
		</Unit>
		<Unit filename="../unit_test/printfs/test-tiny1_sprintf.c">
			<Option compilerVar="CC" />
			<Option target="Unity TDD" />
		</Unit>
		<Unit filename="../unit_test/printfs/tiny1_printf_float.mak">
			<Option target="Unity TDD" />
		</Unit>
		<Unit filename="../unit_test/printfs/tiny1_printf_test_support.c">
			<Option compilerVar="CC" />
			<Option target="Unity TDD" />
			<Option target="Console" />
		</Unit>
		<Unit filename="../unit_test/printfs/tiny1_printf_test_support.h">
			<Option target="Unity TDD" />
		</Unit>
		<Unit filename="../unit_test/printfs/tiny1_sprintf.mak">
			<Option target="Unity TDD" />
		</Unit>
		<Unit filename="../unit_test/sensus/sensus_decode.mak">
			<Option target="Unity TDD" />
		</Unit>
		<Unit filename="../unit_test/sensus/test-sensus_decode.c">
			<Option compilerVar="CC" />
			<Option target="Unity TDD" />
		</Unit>
		<Unit filename="../unit_test/stores/test-u8_bag.c">
			<Option compilerVar="CC" />
			<Option compile="0" />
			<Option link="0" />
			<Option target="Debug" />
			<Option target="Release" />
		</Unit>
		<Unit filename="../unit_test/stores/u8_bag.mak">
			<Option target="Debug" />
			<Option target="Release" />
		</Unit>
		<Unit filename="../unit_test/timedate/test-timedate.c">
			<Option compilerVar="CC" />
			<Option target="Unity TDD" />
		</Unit>
		<Unit filename="../unit_test/timedate/timedate.mak">
			<Option target="Unity TDD" />
		</Unit>
		<Unit filename="../unit_test/util_common_build.mak">
			<Option target="Unity TDD" />
		</Unit>
		<Unit filename="../unit_test/util_common_pre.mak">
			<Option target="Unity TDD" />
		</Unit>
		<Unit filename="../unit_test/wordlist/test-wordlist.c">
			<Option compilerVar="CC" />
			<Option target="Unity TDD" />
		</Unit>
		<Unit filename="../unit_test/wordlist/wordlist.mak">
			<Option target="Unity TDD" />
		</Unit>
		<Unit filename="../unit_test/words/test-words.c">
			<Option compilerVar="CC" />
			<Option target="Unity TDD" />
		</Unit>
		<Unit filename="../unit_test/words/words.mak">
			<Option target="Unity TDD" />
		</Unit>
		<Unit filename="main.c">
			<Option compilerVar="CC" />
			<Option target="Console" />
		</Unit>
		<Extensions>
			<code_completion />
			<envvars />
			<debugger />
			<lib_finder disable_auto="1" />
		</Extensions>
	</Project>
</CodeBlocks_project_file>
